
Microsoft Visual Studio Solution File, Format Version 12.00
# Visual Studio 14
VisualStudioVersion = 14.0.25420.1
MinimumVisualStudioVersion = 10.0.40219.1
Project("{2150E333-8FDC-42A3-9474-1A3956D46DE8}") = "PPMF0602(재공품실사리스트)", "PPMF0602(재공품실사리스트)", "{C6C2DDEF-A6E5-4D5B-8C0B-31CDBC02558B}"
EndProject
Project("{2150E333-8FDC-42A3-9474-1A3956D46DE8}") = "PPMF0701(자재사용량등록)", "PPMF0701(자재사용량등록)", "{09040BBF-C13A-46C1-BDD2-158840089664}"
EndProject
Project("{2150E333-8FDC-42A3-9474-1A3956D46DE8}") = "FCMF0203(일반전표_BH)", "FCMF0203(일반전표_BH)", "{5E889E3B-E285-46BE-A033-10572ADAAFEB}"
EndProject
Project("{2150E333-8FDC-42A3-9474-1A3956D46DE8}") = "FCMF0215(전표관리_현업_BH)", "FCMF0215(전표관리_현업_BH)", "{6EEE3CA9-F8CD-4F51-AAD0-993223980071}"
EndProject
Project("{2150E333-8FDC-42A3-9474-1A3956D46DE8}") = "FCMF0219(전표인쇄_현업_BH)", "FCMF0219(전표인쇄_현업_BH)", "{27ED6672-21E4-443F-A5FC-B583FB23AB23}"
EndProject
Project("{2150E333-8FDC-42A3-9474-1A3956D46DE8}") = "FCMF0217(전표승인_BH)", "FCMF0217(전표승인_BH)", "{A4DA62D0-2771-42E5-BDF9-AE668000E921}"
EndProject
Project("{2150E333-8FDC-42A3-9474-1A3956D46DE8}") = "FCMF0216(전표인쇄_재무_BH)", "FCMF0216(전표인쇄_재무_BH)", "{7275FFC3-2848-4BC9-9696-5B6B4635C704}"
EndProject
Project("{2150E333-8FDC-42A3-9474-1A3956D46DE8}") = "PPMF0606(반제품창고실사리스트)", "PPMF0606(반제품창고실사리스트)", "{F666E38B-A10A-421B-A7EA-9AB196C446C6}"
EndProject
Project("{2150E333-8FDC-42A3-9474-1A3956D46DE8}") = "FCMF0761(제조원가명세서)", "FCMF0761(제조원가명세서)", "{747FC9F5-38DE-4910-A72B-C7E7370BECFF}"
EndProject
Project("{2150E333-8FDC-42A3-9474-1A3956D46DE8}") = "PPMF0703(원자재현장창고)", "PPMF0703(원자재현장창고)", "{565B8933-B4FC-4240-9674-A00C22611918}"
EndProject
Project("{2150E333-8FDC-42A3-9474-1A3956D46DE8}") = "INVF0404(자재재고실사리스트)", "INVF0404(자재재고실사리스트)", "{B4BC9E64-4F59-4995-946E-9AA48FA0C4FF}"
EndProject
Project("{2150E333-8FDC-42A3-9474-1A3956D46DE8}") = "SOMF0671(제품재고실사리스트)", "SOMF0671(제품재고실사리스트)", "{E7C629DB-B415-49AB-9404-2CA7BECED6F8}"
EndProject
Project("{2150E333-8FDC-42A3-9474-1A3956D46DE8}") = "SOMF0501(수주관리)", "SOMF0501(수주관리)", "{29C61821-7D1D-4D77-817C-54827D2498A2}"
EndProject
Project("{2150E333-8FDC-42A3-9474-1A3956D46DE8}") = "SOMF0609(제품입고현황)", "SOMF0609(제품입고현황)", "{8B064BBB-BC5E-4B20-B9EA-5B45A44EA67A}"
EndProject
Project("{2150E333-8FDC-42A3-9474-1A3956D46DE8}") = "SOMF0624(제품기타입고현황)", "SOMF0624(제품기타입고현황)", "{C02F19F7-3759-4E6E-AA29-CE34E22FE8A0}"
EndProject
Project("{2150E333-8FDC-42A3-9474-1A3956D46DE8}") = "SOMF0644(제품입고현황_유형별)", "SOMF0644(제품입고현황_유형별)", "{E871B27D-37B2-497D-9556-BF5796C7D443}"
EndProject
Project("{2150E333-8FDC-42A3-9474-1A3956D46DE8}") = "SOMF0614(제품출고현황)", "SOMF0614(제품출고현황)", "{B504E40D-1B7A-430B-8476-660729D31700}"
EndProject
Project("{2150E333-8FDC-42A3-9474-1A3956D46DE8}") = "SOMF0643(제품출고현황(유형별)", "SOMF0643(제품출고현황(유형별)", "{AC77DAC9-A4F8-4866-9452-85CD7BD8FA21}"
EndProject
Project("{2150E333-8FDC-42A3-9474-1A3956D46DE8}") = "SOMF0625(제품기타출고현황)", "SOMF0625(제품기타출고현황)", "{3CC4BB4C-E99A-4CB7-B018-B2A60E785088}"
EndProject
Project("{2150E333-8FDC-42A3-9474-1A3956D46DE8}") = "PPMF0321(외주비자동전표)", "PPMF0321(외주비자동전표)", "{F767CB59-20AB-4524-B26F-D0DEB7344FE3}"
EndProject
Project("{2150E333-8FDC-42A3-9474-1A3956D46DE8}") = "PPMF0918(재공매각전표전송)", "PPMF0918(재공매각전표전송)", "{68B8EEA1-3C39-494C-9F32-1EA74BDAE482}"
EndProject
Project("{2150E333-8FDC-42A3-9474-1A3956D46DE8}") = "PPMF0919(재공매입전표전송)", "PPMF0919(재공매입전표전송)", "{4F487FE2-2CCD-43D1-891B-475580005D54}"
EndProject
Project("{2150E333-8FDC-42A3-9474-1A3956D46DE8}") = "POMF0911(구매매입전표전송)", "POMF0911(구매매입전표전송)", "{2A4C4324-8958-44ED-880C-97819E9973B3}"
EndProject
Project("{2150E333-8FDC-42A3-9474-1A3956D46DE8}") = "PPMF0902(재공매각현황)", "PPMF0902(재공매각현황)", "{CA0003DD-A431-49D7-ACEB-CD9B7EBD5CB5}"
EndProject
Project("{2150E333-8FDC-42A3-9474-1A3956D46DE8}") = "PPMF0904(재공매입현황)", "PPMF0904(재공매입현황)", "{4DD71BDA-D1D0-4ABE-B827-C5982A692804}"
EndProject
Project("{2150E333-8FDC-42A3-9474-1A3956D46DE8}") = "PPMF0916(재공매각마감현황)", "PPMF0916(재공매각마감현황)", "{BE7F1902-367B-492C-8B4E-82D9E382EE9C}"
EndProject
Project("{2150E333-8FDC-42A3-9474-1A3956D46DE8}") = "PPMF0917(재공매입마감현황)", "PPMF0917(재공매입마감현황)", "{F8CFD3DA-C407-4122-A8E4-767840C4C076}"
EndProject
Project("{2150E333-8FDC-42A3-9474-1A3956D46DE8}") = "INVF0602(재공매각등록)", "INVF0602(재공매각등록)", "{9FB320DE-EF00-400A-B4AD-69ABF8CC0C2C}"
EndProject
Project("{2150E333-8FDC-42A3-9474-1A3956D46DE8}") = "PPMF0901(재공매각등록)", "PPMF0901(재공매각등록)", "{80AB50AF-28F3-405A-AF3B-8B277C280772}"
EndProject
Project("{2150E333-8FDC-42A3-9474-1A3956D46DE8}") = "PPMF0920(재공자재 매각 전표전송)", "PPMF0920(재공자재 매각 전표전송)", "{6E03234C-0193-42C0-B73C-2459E7AAC39C}"
EndProject
Project("{2150E333-8FDC-42A3-9474-1A3956D46DE8}") = "POMF0718(부대비관리)", "POMF0718(부대비관리)", "{D5F81DD2-4E13-4733-8D81-5D806805F069}"
EndProject
Project("{2150E333-8FDC-42A3-9474-1A3956D46DE8}") = "PPMF1005(버전변경오더_vco_job)", "PPMF1005(버전변경오더_vco_job)", "{952FA8D8-DFE7-489A-A57C-7F5382441707}"
EndProject
Project("{2150E333-8FDC-42A3-9474-1A3956D46DE8}") = "SOMF0911(매출자동전표)", "SOMF0911(매출자동전표)", "{A5830AD1-339F-4C5B-9842-26DDAE3B9918}"
EndProject
Project("{2150E333-8FDC-42A3-9474-1A3956D46DE8}") = "POMF0723(수입부대비정산)", "POMF0723(수입부대비정산)", "{A58556DE-C5E9-4247-98D9-638368F7D628}"
EndProject
Project("{2150E333-8FDC-42A3-9474-1A3956D46DE8}") = "POMF0709(선적통관관리)", "POMF0709(선적통관관리)", "{DA8CD3A1-CE44-405A-9695-7B02F849D2B8}"
EndProject
Project("{2150E333-8FDC-42A3-9474-1A3956D46DE8}") = "POMF0719(수입부대비NEW)", "POMF0719(수입부대비NEW)", "{37AFBB1B-6B4E-4C97-B8B0-C5A3BB2A3F50}"
EndProject
Project("{FAE04EC0-301F-11D3-BF4B-00C04F79EFBC}") = "FX_Main", "FX_Main\FX_Main.csproj", "{064A1892-B8C8-46C0-8F15-97E93431356D}"
EndProject
Project("{FAE04EC0-301F-11D3-BF4B-00C04F79EFBC}") = "PPMF0602", "PPMF0602\PPMF0602.csproj", "{6F964E51-D001-4C92-A165-F5A493E8A87F}"
EndProject
Project("{FAE04EC0-301F-11D3-BF4B-00C04F79EFBC}") = "PPMF0701", "PPMF0701\PPMF0701.csproj", "{D5EB8BB9-DBFB-4D62-BD2E-A3605FB368FD}"
EndProject
Project("{FAE04EC0-301F-11D3-BF4B-00C04F79EFBC}") = "FCMF0203", "FCMF0203\FCMF0203.csproj", "{E4A5D88A-7E91-4A91-AAA2-C637DD00F02D}"
EndProject
Project("{FAE04EC0-301F-11D3-BF4B-00C04F79EFBC}") = "FCMF0215", "FCMF0215\FCMF0215.csproj", "{F81AF693-3522-4F3B-8ED2-839CFECB7FF4}"
EndProject
Project("{FAE04EC0-301F-11D3-BF4B-00C04F79EFBC}") = "FCMF0219", "FCMF0219\FCMF0219.csproj", "{2FD97441-0E6A-4585-8710-4A1AAC29C86C}"
EndProject
Project("{FAE04EC0-301F-11D3-BF4B-00C04F79EFBC}") = "FCMF0217", "FCMF0217\FCMF0217.csproj", "{B4ACB4A5-77C3-4B21-BD8B-5974D63E102D}"
EndProject
Project("{FAE04EC0-301F-11D3-BF4B-00C04F79EFBC}") = "FCMF0216", "FCMF0216\FCMF0216.csproj", "{51F54A3A-95D6-4701-8D16-C496EDF398E6}"
EndProject
Project("{FAE04EC0-301F-11D3-BF4B-00C04F79EFBC}") = "PPMF0606", "PPMF0606\PPMF0606.csproj", "{2FE87177-67F4-4349-8E45-B1B84A6F0FB0}"
EndProject
Project("{FAE04EC0-301F-11D3-BF4B-00C04F79EFBC}") = "FCMF0761", "FCMF0761\FCMF0761.csproj", "{7DC4F0A0-2F0B-4BB7-8DF2-2E1B1812718D}"
EndProject
Project("{FAE04EC0-301F-11D3-BF4B-00C04F79EFBC}") = "PPMF0703", "PPMF0703\PPMF0703.csproj", "{516B50F0-CB45-447F-B80C-AFC95631920D}"
EndProject
Project("{FAE04EC0-301F-11D3-BF4B-00C04F79EFBC}") = "INVF0404", "INVF0404\INVF0404.csproj", "{BE7A73C2-CFEF-49DD-B529-37143F6D0417}"
EndProject
Project("{FAE04EC0-301F-11D3-BF4B-00C04F79EFBC}") = "INVF0002(Material Master)", "INVF0002\INVF0002(Material Master).csproj", "{B5BECBEF-C074-4152-846E-80E5680FC9C1}"
EndProject
Project("{FAE04EC0-301F-11D3-BF4B-00C04F79EFBC}") = "SOMF0671", "SOMF0671\SOMF0671.csproj", "{AC5DEF95-6D85-4474-AA2C-58894248305D}"
EndProject
Project("{FAE04EC0-301F-11D3-BF4B-00C04F79EFBC}") = "SOMF0501", "SOMF0501\SOMF0501.csproj", "{905874F2-38E0-45FE-AF64-1D3CD8B4683D}"
EndProject
Project("{FAE04EC0-301F-11D3-BF4B-00C04F79EFBC}") = "SOMF0609(FG_Receipt_list)", "SOMF0609\SOMF0609(FG_Receipt_list).csproj", "{0D54A128-47E5-4EAC-A6B5-25DC9B4D8473}"
EndProject
Project("{FAE04EC0-301F-11D3-BF4B-00C04F79EFBC}") = "SOMF0624(FG_Misc_Receipt_list)", "SOMF0624\SOMF0624(FG_Misc_Receipt_list).csproj", "{60415187-3049-4C9B-8287-63AFFD5009E2}"
EndProject
Project("{FAE04EC0-301F-11D3-BF4B-00C04F79EFBC}") = "SOMF0644", "SOMF0644\SOMF0644.csproj", "{B8B190E0-9A53-486B-9353-B96ACC70F7CF}"
EndProject
Project("{FAE04EC0-301F-11D3-BF4B-00C04F79EFBC}") = "SOMF0614", "SOMF0614\SOMF0614.csproj", "{D8C0D635-D32B-4106-BB37-5934F0BED2C3}"
EndProject
Project("{FAE04EC0-301F-11D3-BF4B-00C04F79EFBC}") = "SOMF0643", "SOMF0643\SOMF0643.csproj", "{A274EA39-2149-4272-BD14-A9C5E28B48C5}"
EndProject
Project("{FAE04EC0-301F-11D3-BF4B-00C04F79EFBC}") = "SOMF0625", "SOMF0625\SOMF0625.csproj", "{E4249262-A729-4296-8A14-A4E60A8C7FBB}"
EndProject
Project("{FAE04EC0-301F-11D3-BF4B-00C04F79EFBC}") = "CSTF0605", "CSTF0605\CSTF0605.csproj", "{F914D3DB-775D-482F-B701-F322BEDCDA33}"
EndProject
Project("{FAE04EC0-301F-11D3-BF4B-00C04F79EFBC}") = "PPMF0321", "PPMF0321\PPMF0321.csproj", "{A20410EC-465A-4273-A042-4A8FC3A9E068}"
EndProject
Project("{FAE04EC0-301F-11D3-BF4B-00C04F79EFBC}") = "POMF0718", "POMF0718\POMF0718.csproj", "{235BF0F2-6B81-4632-A963-96AE3471FA09}"
EndProject
Project("{FAE04EC0-301F-11D3-BF4B-00C04F79EFBC}") = "PPMF0918", "PPMF0918\PPMF0918.csproj", "{F3E4813A-EA19-4C8E-82CA-02AFEC89E1DC}"
EndProject
Project("{FAE04EC0-301F-11D3-BF4B-00C04F79EFBC}") = "PPMF0919", "PPMF0919\PPMF0919.csproj", "{CF622AD6-EE4D-4D68-84B8-3AD7B8376279}"
EndProject
Project("{FAE04EC0-301F-11D3-BF4B-00C04F79EFBC}") = "POMF0911", "POMF0911\POMF0911.csproj", "{12B8DB4F-CA06-4369-874A-3B5CBB296D60}"
EndProject
Project("{FAE04EC0-301F-11D3-BF4B-00C04F79EFBC}") = "PPMF0902", "PPMF0902\PPMF0902.csproj", "{868EEA5C-D2E6-4E3D-A8FA-763E10844133}"
EndProject
Project("{FAE04EC0-301F-11D3-BF4B-00C04F79EFBC}") = "PPMF0904", "PPMF0904\PPMF0904.csproj", "{4EA6D31D-F25E-48C6-B60D-7CEF0AF72C74}"
EndProject
Project("{FAE04EC0-301F-11D3-BF4B-00C04F79EFBC}") = "PPMF0916", "PPMF0916\PPMF0916.csproj", "{3DC63A96-7F9D-4D2A-BDA3-CB2C63B9F35E}"
EndProject
Project("{FAE04EC0-301F-11D3-BF4B-00C04F79EFBC}") = "PPMF0917", "PPMF0917\PPMF0917.csproj", "{DF6EB8FF-AFC6-476E-BD33-BAF1C58ED111}"
EndProject
Project("{FAE04EC0-301F-11D3-BF4B-00C04F79EFBC}") = "INVF0602", "INVF0602\INVF0602.csproj", "{58B0A0A8-0DA1-4015-9369-9B7F5560C067}"
EndProject
Project("{FAE04EC0-301F-11D3-BF4B-00C04F79EFBC}") = "PPMF0901", "PPMF0901\PPMF0901.csproj", "{CA75D99C-C5F2-4186-95E0-2941E9FAD036}"
EndProject
Project("{FAE04EC0-301F-11D3-BF4B-00C04F79EFBC}") = "PPMF0920", "PPMF0920\PPMF0920.csproj", "{E09675FA-0A7B-4E94-A4A7-9E69260888D7}"
EndProject
Project("{FAE04EC0-301F-11D3-BF4B-00C04F79EFBC}") = "PPMF1005", "PPMF1005\PPMF1005.csproj", "{1FDE60E2-D231-4109-8BE6-B04B4CAADB9C}"
EndProject
Project("{FAE04EC0-301F-11D3-BF4B-00C04F79EFBC}") = "SOMF0911", "SOMF0911\SOMF0911.csproj", "{D445AFB8-108D-4DBB-B3B8-5106EFF84A83}"
EndProject
Project("{FAE04EC0-301F-11D3-BF4B-00C04F79EFBC}") = "POMF0723", "POMF0723\POMF0723.csproj", "{945691AE-7ED3-409B-B1D0-4DDA49D28F6A}"
EndProject
Project("{FAE04EC0-301F-11D3-BF4B-00C04F79EFBC}") = "POMF0719", "POMF0719\POMF0719.csproj", "{662CC93A-EBF1-42B3-B37C-E7CD108049E2}"
EndProject
Global
	GlobalSection(SolutionConfigurationPlatforms) = preSolution
		Debug|Any CPU = Debug|Any CPU
		Release|Any CPU = Release|Any CPU
	EndGlobalSection
	GlobalSection(ProjectConfigurationPlatforms) = postSolution
		{064A1892-B8C8-46C0-8F15-97E93431356D}.Debug|Any CPU.ActiveCfg = Debug|Any CPU
		{064A1892-B8C8-46C0-8F15-97E93431356D}.Debug|Any CPU.Build.0 = Debug|Any CPU
		{064A1892-B8C8-46C0-8F15-97E93431356D}.Release|Any CPU.ActiveCfg = Release|Any CPU
		{064A1892-B8C8-46C0-8F15-97E93431356D}.Release|Any CPU.Build.0 = Release|Any CPU
		{6F964E51-D001-4C92-A165-F5A493E8A87F}.Debug|Any CPU.ActiveCfg = Debug|Any CPU
		{6F964E51-D001-4C92-A165-F5A493E8A87F}.Debug|Any CPU.Build.0 = Debug|Any CPU
		{6F964E51-D001-4C92-A165-F5A493E8A87F}.Release|Any CPU.ActiveCfg = Release|Any CPU
		{6F964E51-D001-4C92-A165-F5A493E8A87F}.Release|Any CPU.Build.0 = Release|Any CPU
		{D5EB8BB9-DBFB-4D62-BD2E-A3605FB368FD}.Debug|Any CPU.ActiveCfg = Debug|Any CPU
		{D5EB8BB9-DBFB-4D62-BD2E-A3605FB368FD}.Debug|Any CPU.Build.0 = Debug|Any CPU
		{D5EB8BB9-DBFB-4D62-BD2E-A3605FB368FD}.Release|Any CPU.ActiveCfg = Release|Any CPU
		{D5EB8BB9-DBFB-4D62-BD2E-A3605FB368FD}.Release|Any CPU.Build.0 = Release|Any CPU
		{E4A5D88A-7E91-4A91-AAA2-C637DD00F02D}.Debug|Any CPU.ActiveCfg = Debug|Any CPU
		{E4A5D88A-7E91-4A91-AAA2-C637DD00F02D}.Debug|Any CPU.Build.0 = Debug|Any CPU
		{E4A5D88A-7E91-4A91-AAA2-C637DD00F02D}.Release|Any CPU.ActiveCfg = Release|Any CPU
		{E4A5D88A-7E91-4A91-AAA2-C637DD00F02D}.Release|Any CPU.Build.0 = Release|Any CPU
		{F81AF693-3522-4F3B-8ED2-839CFECB7FF4}.Debug|Any CPU.ActiveCfg = Debug|Any CPU
		{F81AF693-3522-4F3B-8ED2-839CFECB7FF4}.Debug|Any CPU.Build.0 = Debug|Any CPU
		{F81AF693-3522-4F3B-8ED2-839CFECB7FF4}.Release|Any CPU.ActiveCfg = Release|Any CPU
		{F81AF693-3522-4F3B-8ED2-839CFECB7FF4}.Release|Any CPU.Build.0 = Release|Any CPU
		{2FD97441-0E6A-4585-8710-4A1AAC29C86C}.Debug|Any CPU.ActiveCfg = Debug|Any CPU
		{2FD97441-0E6A-4585-8710-4A1AAC29C86C}.Debug|Any CPU.Build.0 = Debug|Any CPU
		{2FD97441-0E6A-4585-8710-4A1AAC29C86C}.Release|Any CPU.ActiveCfg = Release|Any CPU
		{2FD97441-0E6A-4585-8710-4A1AAC29C86C}.Release|Any CPU.Build.0 = Release|Any CPU
		{B4ACB4A5-77C3-4B21-BD8B-5974D63E102D}.Debug|Any CPU.ActiveCfg = Debug|Any CPU
		{B4ACB4A5-77C3-4B21-BD8B-5974D63E102D}.Debug|Any CPU.Build.0 = Debug|Any CPU
		{B4ACB4A5-77C3-4B21-BD8B-5974D63E102D}.Release|Any CPU.ActiveCfg = Release|Any CPU
		{B4ACB4A5-77C3-4B21-BD8B-5974D63E102D}.Release|Any CPU.Build.0 = Release|Any CPU
		{51F54A3A-95D6-4701-8D16-C496EDF398E6}.Debug|Any CPU.ActiveCfg = Debug|Any CPU
		{51F54A3A-95D6-4701-8D16-C496EDF398E6}.Debug|Any CPU.Build.0 = Debug|Any CPU
		{51F54A3A-95D6-4701-8D16-C496EDF398E6}.Release|Any CPU.ActiveCfg = Release|Any CPU
		{51F54A3A-95D6-4701-8D16-C496EDF398E6}.Release|Any CPU.Build.0 = Release|Any CPU
		{2FE87177-67F4-4349-8E45-B1B84A6F0FB0}.Debug|Any CPU.ActiveCfg = Debug|Any CPU
		{2FE87177-67F4-4349-8E45-B1B84A6F0FB0}.Debug|Any CPU.Build.0 = Debug|Any CPU
		{2FE87177-67F4-4349-8E45-B1B84A6F0FB0}.Release|Any CPU.ActiveCfg = Release|Any CPU
		{2FE87177-67F4-4349-8E45-B1B84A6F0FB0}.Release|Any CPU.Build.0 = Release|Any CPU
		{7DC4F0A0-2F0B-4BB7-8DF2-2E1B1812718D}.Debug|Any CPU.ActiveCfg = Debug|Any CPU
		{7DC4F0A0-2F0B-4BB7-8DF2-2E1B1812718D}.Debug|Any CPU.Build.0 = Debug|Any CPU
		{7DC4F0A0-2F0B-4BB7-8DF2-2E1B1812718D}.Release|Any CPU.ActiveCfg = Release|Any CPU
		{7DC4F0A0-2F0B-4BB7-8DF2-2E1B1812718D}.Release|Any CPU.Build.0 = Release|Any CPU
		{516B50F0-CB45-447F-B80C-AFC95631920D}.Debug|Any CPU.ActiveCfg = Debug|Any CPU
		{516B50F0-CB45-447F-B80C-AFC95631920D}.Debug|Any CPU.Build.0 = Debug|Any CPU
		{516B50F0-CB45-447F-B80C-AFC95631920D}.Release|Any CPU.ActiveCfg = Release|Any CPU
		{516B50F0-CB45-447F-B80C-AFC95631920D}.Release|Any CPU.Build.0 = Release|Any CPU
		{BE7A73C2-CFEF-49DD-B529-37143F6D0417}.Debug|Any CPU.ActiveCfg = Debug|Any CPU
		{BE7A73C2-CFEF-49DD-B529-37143F6D0417}.Debug|Any CPU.Build.0 = Debug|Any CPU
		{BE7A73C2-CFEF-49DD-B529-37143F6D0417}.Release|Any CPU.ActiveCfg = Release|Any CPU
		{BE7A73C2-CFEF-49DD-B529-37143F6D0417}.Release|Any CPU.Build.0 = Release|Any CPU
		{B5BECBEF-C074-4152-846E-80E5680FC9C1}.Debug|Any CPU.ActiveCfg = Debug|Any CPU
		{B5BECBEF-C074-4152-846E-80E5680FC9C1}.Debug|Any CPU.Build.0 = Debug|Any CPU
		{B5BECBEF-C074-4152-846E-80E5680FC9C1}.Release|Any CPU.ActiveCfg = Release|Any CPU
		{B5BECBEF-C074-4152-846E-80E5680FC9C1}.Release|Any CPU.Build.0 = Release|Any CPU
		{AC5DEF95-6D85-4474-AA2C-58894248305D}.Debug|Any CPU.ActiveCfg = Debug|Any CPU
		{AC5DEF95-6D85-4474-AA2C-58894248305D}.Debug|Any CPU.Build.0 = Debug|Any CPU
		{AC5DEF95-6D85-4474-AA2C-58894248305D}.Release|Any CPU.ActiveCfg = Release|Any CPU
		{AC5DEF95-6D85-4474-AA2C-58894248305D}.Release|Any CPU.Build.0 = Release|Any CPU
		{905874F2-38E0-45FE-AF64-1D3CD8B4683D}.Debug|Any CPU.ActiveCfg = Debug|Any CPU
		{905874F2-38E0-45FE-AF64-1D3CD8B4683D}.Debug|Any CPU.Build.0 = Debug|Any CPU
		{905874F2-38E0-45FE-AF64-1D3CD8B4683D}.Release|Any CPU.ActiveCfg = Release|Any CPU
		{905874F2-38E0-45FE-AF64-1D3CD8B4683D}.Release|Any CPU.Build.0 = Release|Any CPU
		{0D54A128-47E5-4EAC-A6B5-25DC9B4D8473}.Debug|Any CPU.ActiveCfg = Debug|Any CPU
		{0D54A128-47E5-4EAC-A6B5-25DC9B4D8473}.Debug|Any CPU.Build.0 = Debug|Any CPU
		{0D54A128-47E5-4EAC-A6B5-25DC9B4D8473}.Release|Any CPU.ActiveCfg = Release|Any CPU
		{0D54A128-47E5-4EAC-A6B5-25DC9B4D8473}.Release|Any CPU.Build.0 = Release|Any CPU
		{60415187-3049-4C9B-8287-63AFFD5009E2}.Debug|Any CPU.ActiveCfg = Debug|Any CPU
		{60415187-3049-4C9B-8287-63AFFD5009E2}.Debug|Any CPU.Build.0 = Debug|Any CPU
		{60415187-3049-4C9B-8287-63AFFD5009E2}.Release|Any CPU.ActiveCfg = Release|Any CPU
		{60415187-3049-4C9B-8287-63AFFD5009E2}.Release|Any CPU.Build.0 = Release|Any CPU
		{B8B190E0-9A53-486B-9353-B96ACC70F7CF}.Debug|Any CPU.ActiveCfg = Debug|Any CPU
		{B8B190E0-9A53-486B-9353-B96ACC70F7CF}.Debug|Any CPU.Build.0 = Debug|Any CPU
		{B8B190E0-9A53-486B-9353-B96ACC70F7CF}.Release|Any CPU.ActiveCfg = Release|Any CPU
		{B8B190E0-9A53-486B-9353-B96ACC70F7CF}.Release|Any CPU.Build.0 = Release|Any CPU
		{D8C0D635-D32B-4106-BB37-5934F0BED2C3}.Debug|Any CPU.ActiveCfg = Debug|Any CPU
		{D8C0D635-D32B-4106-BB37-5934F0BED2C3}.Debug|Any CPU.Build.0 = Debug|Any CPU
		{D8C0D635-D32B-4106-BB37-5934F0BED2C3}.Release|Any CPU.ActiveCfg = Release|Any CPU
		{D8C0D635-D32B-4106-BB37-5934F0BED2C3}.Release|Any CPU.Build.0 = Release|Any CPU
		{A274EA39-2149-4272-BD14-A9C5E28B48C5}.Debug|Any CPU.ActiveCfg = Debug|Any CPU
		{A274EA39-2149-4272-BD14-A9C5E28B48C5}.Debug|Any CPU.Build.0 = Debug|Any CPU
		{A274EA39-2149-4272-BD14-A9C5E28B48C5}.Release|Any CPU.ActiveCfg = Release|Any CPU
		{A274EA39-2149-4272-BD14-A9C5E28B48C5}.Release|Any CPU.Build.0 = Release|Any CPU
		{E4249262-A729-4296-8A14-A4E60A8C7FBB}.Debug|Any CPU.ActiveCfg = Debug|Any CPU
		{E4249262-A729-4296-8A14-A4E60A8C7FBB}.Debug|Any CPU.Build.0 = Debug|Any CPU
		{E4249262-A729-4296-8A14-A4E60A8C7FBB}.Release|Any CPU.ActiveCfg = Release|Any CPU
		{E4249262-A729-4296-8A14-A4E60A8C7FBB}.Release|Any CPU.Build.0 = Release|Any CPU
		{F914D3DB-775D-482F-B701-F322BEDCDA33}.Debug|Any CPU.ActiveCfg = Debug|Any CPU
		{F914D3DB-775D-482F-B701-F322BEDCDA33}.Debug|Any CPU.Build.0 = Debug|Any CPU
		{F914D3DB-775D-482F-B701-F322BEDCDA33}.Release|Any CPU.ActiveCfg = Release|Any CPU
		{F914D3DB-775D-482F-B701-F322BEDCDA33}.Release|Any CPU.Build.0 = Release|Any CPU
		{A20410EC-465A-4273-A042-4A8FC3A9E068}.Debug|Any CPU.ActiveCfg = Debug|Any CPU
		{A20410EC-465A-4273-A042-4A8FC3A9E068}.Debug|Any CPU.Build.0 = Debug|Any CPU
		{A20410EC-465A-4273-A042-4A8FC3A9E068}.Release|Any CPU.ActiveCfg = Release|Any CPU
		{A20410EC-465A-4273-A042-4A8FC3A9E068}.Release|Any CPU.Build.0 = Release|Any CPU
		{235BF0F2-6B81-4632-A963-96AE3471FA09}.Debug|Any CPU.ActiveCfg = Debug|Any CPU
		{235BF0F2-6B81-4632-A963-96AE3471FA09}.Debug|Any CPU.Build.0 = Debug|Any CPU
		{235BF0F2-6B81-4632-A963-96AE3471FA09}.Release|Any CPU.ActiveCfg = Release|Any CPU
		{235BF0F2-6B81-4632-A963-96AE3471FA09}.Release|Any CPU.Build.0 = Release|Any CPU
		{F3E4813A-EA19-4C8E-82CA-02AFEC89E1DC}.Debug|Any CPU.ActiveCfg = Debug|Any CPU
		{F3E4813A-EA19-4C8E-82CA-02AFEC89E1DC}.Debug|Any CPU.Build.0 = Debug|Any CPU
		{F3E4813A-EA19-4C8E-82CA-02AFEC89E1DC}.Release|Any CPU.ActiveCfg = Release|Any CPU
		{F3E4813A-EA19-4C8E-82CA-02AFEC89E1DC}.Release|Any CPU.Build.0 = Release|Any CPU
		{CF622AD6-EE4D-4D68-84B8-3AD7B8376279}.Debug|Any CPU.ActiveCfg = Debug|Any CPU
		{CF622AD6-EE4D-4D68-84B8-3AD7B8376279}.Debug|Any CPU.Build.0 = Debug|Any CPU
		{CF622AD6-EE4D-4D68-84B8-3AD7B8376279}.Release|Any CPU.ActiveCfg = Release|Any CPU
		{CF622AD6-EE4D-4D68-84B8-3AD7B8376279}.Release|Any CPU.Build.0 = Release|Any CPU
		{12B8DB4F-CA06-4369-874A-3B5CBB296D60}.Debug|Any CPU.ActiveCfg = Debug|Any CPU
		{12B8DB4F-CA06-4369-874A-3B5CBB296D60}.Debug|Any CPU.Build.0 = Debug|Any CPU
		{12B8DB4F-CA06-4369-874A-3B5CBB296D60}.Release|Any CPU.ActiveCfg = Release|Any CPU
		{12B8DB4F-CA06-4369-874A-3B5CBB296D60}.Release|Any CPU.Build.0 = Release|Any CPU
		{868EEA5C-D2E6-4E3D-A8FA-763E10844133}.Debug|Any CPU.ActiveCfg = Debug|Any CPU
		{868EEA5C-D2E6-4E3D-A8FA-763E10844133}.Debug|Any CPU.Build.0 = Debug|Any CPU
		{868EEA5C-D2E6-4E3D-A8FA-763E10844133}.Release|Any CPU.ActiveCfg = Release|Any CPU
		{868EEA5C-D2E6-4E3D-A8FA-763E10844133}.Release|Any CPU.Build.0 = Release|Any CPU
		{4EA6D31D-F25E-48C6-B60D-7CEF0AF72C74}.Debug|Any CPU.ActiveCfg = Debug|Any CPU
		{4EA6D31D-F25E-48C6-B60D-7CEF0AF72C74}.Debug|Any CPU.Build.0 = Debug|Any CPU
		{4EA6D31D-F25E-48C6-B60D-7CEF0AF72C74}.Release|Any CPU.ActiveCfg = Release|Any CPU
		{4EA6D31D-F25E-48C6-B60D-7CEF0AF72C74}.Release|Any CPU.Build.0 = Release|Any CPU
		{3DC63A96-7F9D-4D2A-BDA3-CB2C63B9F35E}.Debug|Any CPU.ActiveCfg = Debug|Any CPU
		{3DC63A96-7F9D-4D2A-BDA3-CB2C63B9F35E}.Debug|Any CPU.Build.0 = Debug|Any CPU
		{3DC63A96-7F9D-4D2A-BDA3-CB2C63B9F35E}.Release|Any CPU.ActiveCfg = Release|Any CPU
		{3DC63A96-7F9D-4D2A-BDA3-CB2C63B9F35E}.Release|Any CPU.Build.0 = Release|Any CPU
		{DF6EB8FF-AFC6-476E-BD33-BAF1C58ED111}.Debug|Any CPU.ActiveCfg = Debug|Any CPU
		{DF6EB8FF-AFC6-476E-BD33-BAF1C58ED111}.Debug|Any CPU.Build.0 = Debug|Any CPU
		{DF6EB8FF-AFC6-476E-BD33-BAF1C58ED111}.Release|Any CPU.ActiveCfg = Release|Any CPU
		{DF6EB8FF-AFC6-476E-BD33-BAF1C58ED111}.Release|Any CPU.Build.0 = Release|Any CPU
		{58B0A0A8-0DA1-4015-9369-9B7F5560C067}.Debug|Any CPU.ActiveCfg = Debug|Any CPU
		{58B0A0A8-0DA1-4015-9369-9B7F5560C067}.Debug|Any CPU.Build.0 = Debug|Any CPU
		{58B0A0A8-0DA1-4015-9369-9B7F5560C067}.Release|Any CPU.ActiveCfg = Release|Any CPU
		{58B0A0A8-0DA1-4015-9369-9B7F5560C067}.Release|Any CPU.Build.0 = Release|Any CPU
		{CA75D99C-C5F2-4186-95E0-2941E9FAD036}.Debug|Any CPU.ActiveCfg = Debug|Any CPU
		{CA75D99C-C5F2-4186-95E0-2941E9FAD036}.Debug|Any CPU.Build.0 = Debug|Any CPU
		{CA75D99C-C5F2-4186-95E0-2941E9FAD036}.Release|Any CPU.ActiveCfg = Release|Any CPU
		{CA75D99C-C5F2-4186-95E0-2941E9FAD036}.Release|Any CPU.Build.0 = Release|Any CPU
		{E09675FA-0A7B-4E94-A4A7-9E69260888D7}.Debug|Any CPU.ActiveCfg = Debug|Any CPU
		{E09675FA-0A7B-4E94-A4A7-9E69260888D7}.Debug|Any CPU.Build.0 = Debug|Any CPU
		{E09675FA-0A7B-4E94-A4A7-9E69260888D7}.Release|Any CPU.ActiveCfg = Release|Any CPU
		{E09675FA-0A7B-4E94-A4A7-9E69260888D7}.Release|Any CPU.Build.0 = Release|Any CPU
		{1FDE60E2-D231-4109-8BE6-B04B4CAADB9C}.Debug|Any CPU.ActiveCfg = Debug|Any CPU
		{1FDE60E2-D231-4109-8BE6-B04B4CAADB9C}.Debug|Any CPU.Build.0 = Debug|Any CPU
		{1FDE60E2-D231-4109-8BE6-B04B4CAADB9C}.Release|Any CPU.ActiveCfg = Release|Any CPU
		{1FDE60E2-D231-4109-8BE6-B04B4CAADB9C}.Release|Any CPU.Build.0 = Release|Any CPU
		{D445AFB8-108D-4DBB-B3B8-5106EFF84A83}.Debug|Any CPU.ActiveCfg = Debug|Any CPU
		{D445AFB8-108D-4DBB-B3B8-5106EFF84A83}.Debug|Any CPU.Build.0 = Debug|Any CPU
		{D445AFB8-108D-4DBB-B3B8-5106EFF84A83}.Release|Any CPU.ActiveCfg = Release|Any CPU
		{D445AFB8-108D-4DBB-B3B8-5106EFF84A83}.Release|Any CPU.Build.0 = Release|Any CPU
		{945691AE-7ED3-409B-B1D0-4DDA49D28F6A}.Debug|Any CPU.ActiveCfg = Debug|Any CPU
		{945691AE-7ED3-409B-B1D0-4DDA49D28F6A}.Debug|Any CPU.Build.0 = Debug|Any CPU
		{945691AE-7ED3-409B-B1D0-4DDA49D28F6A}.Release|Any CPU.ActiveCfg = Release|Any CPU
		{945691AE-7ED3-409B-B1D0-4DDA49D28F6A}.Release|Any CPU.Build.0 = Release|Any CPU
		{662CC93A-EBF1-42B3-B37C-E7CD108049E2}.Debug|Any CPU.ActiveCfg = Debug|Any CPU
		{662CC93A-EBF1-42B3-B37C-E7CD108049E2}.Debug|Any CPU.Build.0 = Debug|Any CPU
		{662CC93A-EBF1-42B3-B37C-E7CD108049E2}.Release|Any CPU.ActiveCfg = Release|Any CPU
		{662CC93A-EBF1-42B3-B37C-E7CD108049E2}.Release|Any CPU.Build.0 = Release|Any CPU
	EndGlobalSection
	GlobalSection(SolutionProperties) = preSolution
		HideSolutionNode = FALSE
	EndGlobalSection
	GlobalSection(NestedProjects) = preSolution
		{6F964E51-D001-4C92-A165-F5A493E8A87F} = {C6C2DDEF-A6E5-4D5B-8C0B-31CDBC02558B}
		{D5EB8BB9-DBFB-4D62-BD2E-A3605FB368FD} = {09040BBF-C13A-46C1-BDD2-158840089664}
		{E4A5D88A-7E91-4A91-AAA2-C637DD00F02D} = {5E889E3B-E285-46BE-A033-10572ADAAFEB}
		{F81AF693-3522-4F3B-8ED2-839CFECB7FF4} = {6EEE3CA9-F8CD-4F51-AAD0-993223980071}
		{2FD97441-0E6A-4585-8710-4A1AAC29C86C} = {27ED6672-21E4-443F-A5FC-B583FB23AB23}
		{B4ACB4A5-77C3-4B21-BD8B-5974D63E102D} = {A4DA62D0-2771-42E5-BDF9-AE668000E921}
		{51F54A3A-95D6-4701-8D16-C496EDF398E6} = {7275FFC3-2848-4BC9-9696-5B6B4635C704}
		{2FE87177-67F4-4349-8E45-B1B84A6F0FB0} = {F666E38B-A10A-421B-A7EA-9AB196C446C6}
		{7DC4F0A0-2F0B-4BB7-8DF2-2E1B1812718D} = {747FC9F5-38DE-4910-A72B-C7E7370BECFF}
		{516B50F0-CB45-447F-B80C-AFC95631920D} = {565B8933-B4FC-4240-9674-A00C22611918}
		{BE7A73C2-CFEF-49DD-B529-37143F6D0417} = {B4BC9E64-4F59-4995-946E-9AA48FA0C4FF}
		{AC5DEF95-6D85-4474-AA2C-58894248305D} = {E7C629DB-B415-49AB-9404-2CA7BECED6F8}
		{905874F2-38E0-45FE-AF64-1D3CD8B4683D} = {29C61821-7D1D-4D77-817C-54827D2498A2}
		{0D54A128-47E5-4EAC-A6B5-25DC9B4D8473} = {8B064BBB-BC5E-4B20-B9EA-5B45A44EA67A}
		{60415187-3049-4C9B-8287-63AFFD5009E2} = {C02F19F7-3759-4E6E-AA29-CE34E22FE8A0}
		{B8B190E0-9A53-486B-9353-B96ACC70F7CF} = {E871B27D-37B2-497D-9556-BF5796C7D443}
		{D8C0D635-D32B-4106-BB37-5934F0BED2C3} = {B504E40D-1B7A-430B-8476-660729D31700}
		{A274EA39-2149-4272-BD14-A9C5E28B48C5} = {AC77DAC9-A4F8-4866-9452-85CD7BD8FA21}
		{E4249262-A729-4296-8A14-A4E60A8C7FBB} = {3CC4BB4C-E99A-4CB7-B018-B2A60E785088}
		{A20410EC-465A-4273-A042-4A8FC3A9E068} = {F767CB59-20AB-4524-B26F-D0DEB7344FE3}
		{235BF0F2-6B81-4632-A963-96AE3471FA09} = {D5F81DD2-4E13-4733-8D81-5D806805F069}
		{F3E4813A-EA19-4C8E-82CA-02AFEC89E1DC} = {68B8EEA1-3C39-494C-9F32-1EA74BDAE482}
		{CF622AD6-EE4D-4D68-84B8-3AD7B8376279} = {4F487FE2-2CCD-43D1-891B-475580005D54}
		{12B8DB4F-CA06-4369-874A-3B5CBB296D60} = {2A4C4324-8958-44ED-880C-97819E9973B3}
		{868EEA5C-D2E6-4E3D-A8FA-763E10844133} = {CA0003DD-A431-49D7-ACEB-CD9B7EBD5CB5}
		{4EA6D31D-F25E-48C6-B60D-7CEF0AF72C74} = {4DD71BDA-D1D0-4ABE-B827-C5982A692804}
		{3DC63A96-7F9D-4D2A-BDA3-CB2C63B9F35E} = {BE7F1902-367B-492C-8B4E-82D9E382EE9C}
		{DF6EB8FF-AFC6-476E-BD33-BAF1C58ED111} = {F8CFD3DA-C407-4122-A8E4-767840C4C076}
		{58B0A0A8-0DA1-4015-9369-9B7F5560C067} = {9FB320DE-EF00-400A-B4AD-69ABF8CC0C2C}
		{CA75D99C-C5F2-4186-95E0-2941E9FAD036} = {80AB50AF-28F3-405A-AF3B-8B277C280772}
		{E09675FA-0A7B-4E94-A4A7-9E69260888D7} = {6E03234C-0193-42C0-B73C-2459E7AAC39C}
		{1FDE60E2-D231-4109-8BE6-B04B4CAADB9C} = {952FA8D8-DFE7-489A-A57C-7F5382441707}
		{D445AFB8-108D-4DBB-B3B8-5106EFF84A83} = {A5830AD1-339F-4C5B-9842-26DDAE3B9918}
		{945691AE-7ED3-409B-B1D0-4DDA49D28F6A} = {A58556DE-C5E9-4247-98D9-638368F7D628}
		{662CC93A-EBF1-42B3-B37C-E7CD108049E2} = {37AFBB1B-6B4E-4C97-B8B0-C5A3BB2A3F50}
	EndGlobalSection
EndGlobal
